// !$*UTF8*$!
{
	archiveVersion = 1;
	classes = {
	};
	objectVersion = 46;
	objects = {

/* Begin PBXBuildFile section */
		854361621D96116E00CFC75D /* AppDelegate.swift in Sources */ = {isa = PBXBuildFile; fileRef = 854361611D96116E00CFC75D /* AppDelegate.swift */; };
		854361641D96116E00CFC75D /* ViewController.swift in Sources */ = {isa = PBXBuildFile; fileRef = 854361631D96116E00CFC75D /* ViewController.swift */; };
		854361671D96116E00CFC75D /* Main.storyboard in Resources */ = {isa = PBXBuildFile; fileRef = 854361651D96116E00CFC75D /* Main.storyboard */; };
		854361691D96116E00CFC75D /* Assets.xcassets in Resources */ = {isa = PBXBuildFile; fileRef = 854361681D96116E00CFC75D /* Assets.xcassets */; };
		8543616C1D96116E00CFC75D /* LaunchScreen.storyboard in Resources */ = {isa = PBXBuildFile; fileRef = 8543616A1D96116E00CFC75D /* LaunchScreen.storyboard */; };
		854361771D96116E00CFC75D /* TipCalculatorTests.swift in Sources */ = {isa = PBXBuildFile; fileRef = 854361761D96116E00CFC75D /* TipCalculatorTests.swift */; };
		854361821D96116E00CFC75D /* TipCalculatorUITests.swift in Sources */ = {isa = PBXBuildFile; fileRef = 854361811D96116E00CFC75D /* TipCalculatorUITests.swift */; };
/* End PBXBuildFile section */

/* Begin PBXContainerItemProxy section */
		854361731D96116E00CFC75D /* PBXContainerItemProxy */ = {
			isa = PBXContainerItemProxy;
			containerPortal = 854361561D96116E00CFC75D /* Project object */;
			proxyType = 1;
			remoteGlobalIDString = 8543615D1D96116E00CFC75D;
			remoteInfo = TipCalculator;
		};
		8543617E1D96116E00CFC75D /* PBXContainerItemProxy */ = {
			isa = PBXContainerItemProxy;
			containerPortal = 854361561D96116E00CFC75D /* Project object */;
			proxyType = 1;
			remoteGlobalIDString = 8543615D1D96116E00CFC75D;
			remoteInfo = TipCalculator;
		};
/* End PBXContainerItemProxy section */

/* Begin PBXFileReference section */
		8543615E1D96116E00CFC75D /* TipCalculator.app */ = {isa = PBXFileReference; explicitFileType = wrapper.application; includeInIndex = 0; path = TipCalculator.app; sourceTree = BUILT_PRODUCTS_DIR; };
		854361611D96116E00CFC75D /* AppDelegate.swift */ = {isa = PBXFileReference; lastKnownFileType = sourcecode.swift; path = AppDelegate.swift; sourceTree = "<group>"; };
		854361631D96116E00CFC75D /* ViewController.swift */ = {isa = PBXFileReference; lastKnownFileType = sourcecode.swift; path = ViewController.swift; sourceTree = "<group>"; };
		854361661D96116E00CFC75D /* Base */ = {isa = PBXFileReference; lastKnownFileType = file.storyboard; name = Base; path = Base.lproj/Main.storyboard; sourceTree = "<group>"; };
		854361681D96116E00CFC75D /* Assets.xcassets */ = {isa = PBXFileReference; lastKnownFileType = folder.assetcatalog; path = Assets.xcassets; sourceTree = "<group>"; };
		8543616B1D96116E00CFC75D /* Base */ = {isa = PBXFileReference; lastKnownFileType = file.storyboard; name = Base; path = Base.lproj/LaunchScreen.storyboard; sourceTree = "<group>"; };
		8543616D1D96116E00CFC75D /* Info.plist */ = {isa = PBXFileReference; lastKnownFileType = text.plist.xml; path = Info.plist; sourceTree = "<group>"; };
		854361721D96116E00CFC75D /* TipCalculatorTests.xctest */ = {isa = PBXFileReference; explicitFileType = wrapper.cfbundle; includeInIndex = 0; path = TipCalculatorTests.xctest; sourceTree = BUILT_PRODUCTS_DIR; };
		854361761D96116E00CFC75D /* TipCalculatorTests.swift */ = {isa = PBXFileReference; lastKnownFileType = sourcecode.swift; path = TipCalculatorTests.swift; sourceTree = "<group>"; };
		854361781D96116E00CFC75D /* Info.plist */ = {isa = PBXFileReference; lastKnownFileType = text.plist.xml; path = Info.plist; sourceTree = "<group>"; };
		8543617D1D96116E00CFC75D /* TipCalculatorUITests.xctest */ = {isa = PBXFileReference; explicitFileType = wrapper.cfbundle; includeInIndex = 0; path = TipCalculatorUITests.xctest; sourceTree = BUILT_PRODUCTS_DIR; };
		854361811D96116E00CFC75D /* TipCalculatorUITests.swift */ = {isa = PBXFileReference; lastKnownFileType = sourcecode.swift; path = TipCalculatorUITests.swift; sourceTree = "<group>"; };
		854361831D96116E00CFC75D /* Info.plist */ = {isa = PBXFileReference; lastKnownFileType = text.plist.xml; path = Info.plist; sourceTree = "<group>"; };
/* End PBXFileReference section */

/* Begin PBXFrameworksBuildPhase section */
		8543615B1D96116E00CFC75D /* Frameworks */ = {
			isa = PBXFrameworksBuildPhase;
			buildActionMask = 2147483647;
			files = (
			);
			runOnlyForDeploymentPostprocessing = 0;
		};
		8543616F1D96116E00CFC75D /* Frameworks */ = {
			isa = PBXFrameworksBuildPhase;
			buildActionMask = 2147483647;
			files = (
			);
			runOnlyForDeploymentPostprocessing = 0;
		};
		8543617A1D96116E00CFC75D /* Frameworks */ = {
			isa = PBXFrameworksBuildPhase;
			buildActionMask = 2147483647;
			files = (
			);
			runOnlyForDeploymentPostprocessing = 0;
		};
/* End PBXFrameworksBuildPhase section */

/* Begin PBXGroup section */
		854361551D96116E00CFC75D = {
			isa = PBXGroup;
			children = (
				854361601D96116E00CFC75D /* TipCalculator */,
				854361751D96116E00CFC75D /* TipCalculatorTests */,
				854361801D96116E00CFC75D /* TipCalculatorUITests */,
				8543615F1D96116E00CFC75D /* Products */,
			);
			sourceTree = "<group>";
		};
		8543615F1D96116E00CFC75D /* Products */ = {
			isa = PBXGroup;
			children = (
				8543615E1D96116E00CFC75D /* TipCalculator.app */,
				854361721D96116E00CFC75D /* TipCalculatorTests.xctest */,
				8543617D1D96116E00CFC75D /* TipCalculatorUITests.xctest */,
			);
			name = Products;
			sourceTree = "<group>";
		};
		854361601D96116E00CFC75D /* TipCalculator */ = {
			isa = PBXGroup;
			children = (
				854361611D96116E00CFC75D /* AppDelegate.swift */,
				854361631D96116E00CFC75D /* ViewController.swift */,
				854361651D96116E00CFC75D /* Main.storyboard */,
				854361681D96116E00CFC75D /* Assets.xcassets */,
				8543616A1D96116E00CFC75D /* LaunchScreen.storyboard */,
				8543616D1D96116E00CFC75D /* Info.plist */,
			);
			path = TipCalculator;
			sourceTree = "<group>";
		};
		854361751D96116E00CFC75D /* TipCalculatorTests */ = {
			isa = PBXGroup;
			children = (
				854361761D96116E00CFC75D /* TipCalculatorTests.swift */,
				854361781D96116E00CFC75D /* Info.plist */,
			);
			path = TipCalculatorTests;
			sourceTree = "<group>";
		};
		854361801D96116E00CFC75D /* TipCalculatorUITests */ = {
			isa = PBXGroup;
			children = (
				854361811D96116E00CFC75D /* TipCalculatorUITests.swift */,
				854361831D96116E00CFC75D /* Info.plist */,
			);
			path = TipCalculatorUITests;
			sourceTree = "<group>";
		};
/* End PBXGroup section */

/* Begin PBXNativeTarget section */
		8543615D1D96116E00CFC75D /* TipCalculator */ = {
			isa = PBXNativeTarget;
			buildConfigurationList = 854361861D96116E00CFC75D /* Build configuration list for PBXNativeTarget "TipCalculator" */;
			buildPhases = (
				8543615A1D96116E00CFC75D /* Sources */,
				8543615B1D96116E00CFC75D /* Frameworks */,
				8543615C1D96116E00CFC75D /* Resources */,
			);
			buildRules = (
			);
			dependencies = (
			);
			name = TipCalculator;
			productName = TipCalculator;
			productReference = 8543615E1D96116E00CFC75D /* TipCalculator.app */;
			productType = "com.apple.product-type.application";
		};
		854361711D96116E00CFC75D /* TipCalculatorTests */ = {
			isa = PBXNativeTarget;
			buildConfigurationList = 854361891D96116E00CFC75D /* Build configuration list for PBXNativeTarget "TipCalculatorTests" */;
			buildPhases = (
				8543616E1D96116E00CFC75D /* Sources */,
				8543616F1D96116E00CFC75D /* Frameworks */,
				854361701D96116E00CFC75D /* Resources */,
			);
			buildRules = (
			);
			dependencies = (
				854361741D96116E00CFC75D /* PBXTargetDependency */,
			);
			name = TipCalculatorTests;
			productName = TipCalculatorTests;
			productReference = 854361721D96116E00CFC75D /* TipCalculatorTests.xctest */;
			productType = "com.apple.product-type.bundle.unit-test";
		};
		8543617C1D96116E00CFC75D /* TipCalculatorUITests */ = {
			isa = PBXNativeTarget;
			buildConfigurationList = 8543618C1D96116E00CFC75D /* Build configuration list for PBXNativeTarget "TipCalculatorUITests" */;
			buildPhases = (
				854361791D96116E00CFC75D /* Sources */,
				8543617A1D96116E00CFC75D /* Frameworks */,
				8543617B1D96116E00CFC75D /* Resources */,
			);
			buildRules = (
			);
			dependencies = (
				8543617F1D96116E00CFC75D /* PBXTargetDependency */,
			);
			name = TipCalculatorUITests;
			productName = TipCalculatorUITests;
			productReference = 8543617D1D96116E00CFC75D /* TipCalculatorUITests.xctest */;
			productType = "com.apple.product-type.bundle.ui-testing";
		};
/* End PBXNativeTarget section */

/* Begin PBXProject section */
		854361561D96116E00CFC75D /* Project object */ = {
			isa = PBXProject;
			attributes = {
				LastSwiftUpdateCheck = 0800;
				LastUpgradeCheck = 0800;
				ORGANIZATIONNAME = "Emerson Auguste";
				TargetAttributes = {
					8543615D1D96116E00CFC75D = {
						CreatedOnToolsVersion = 8.0;
						ProvisioningStyle = Automatic;
					};
					854361711D96116E00CFC75D = {
						CreatedOnToolsVersion = 8.0;
						ProvisioningStyle = Automatic;
						TestTargetID = 8543615D1D96116E00CFC75D;
					};
					8543617C1D96116E00CFC75D = {
						CreatedOnToolsVersion = 8.0;
						ProvisioningStyle = Automatic;
						TestTargetID = 8543615D1D96116E00CFC75D;
					};
				};
			};
			buildConfigurationList = 854361591D96116E00CFC75D /* Build configuration list for PBXProject "TipCalculator" */;
			compatibilityVersion = "Xcode 3.2";
			developmentRegion = English;
			hasScannedForEncodings = 0;
			knownRegions = (
				en,
				Base,
			);
			mainGroup = 854361551D96116E00CFC75D;
			productRefGroup = 8543615F1D96116E00CFC75D /* Products */;
			projectDirPath = "";
			projectRoot = "";
			targets = (
				8543615D1D96116E00CFC75D /* TipCalculator */,
				854361711D96116E00CFC75D /* TipCalculatorTests */,
				8543617C1D96116E00CFC75D /* TipCalculatorUITests */,
			);
		};
/* End PBXProject section */

/* Begin PBXResourcesBuildPhase section */
		8543615C1D96116E00CFC75D /* Resources */ = {
			isa = PBXResourcesBuildPhase;
			buildActionMask = 2147483647;
			files = (
				8543616C1D96116E00CFC75D /* LaunchScreen.storyboard in Resources */,
				854361691D96116E00CFC75D /* Assets.xcassets in Resources */,
				854361671D96116E00CFC75D /* Main.storyboard in Resources */,
			);
			runOnlyForDeploymentPostprocessing = 0;
		};
		854361701D96116E00CFC75D /* Resources */ = {
			isa = PBXResourcesBuildPhase;
			buildActionMask = 2147483647;
			files = (
			);
			runOnlyForDeploymentPostprocessing = 0;
		};
		8543617B1D96116E00CFC75D /* Resources */ = {
			isa = PBXResourcesBuildPhase;
			buildActionMask = 2147483647;
			files = (
			);
			runOnlyForDeploymentPostprocessing = 0;
		};
/* End PBXResourcesBuildPhase section */

/* Begin PBXSourcesBuildPhase section */
		8543615A1D96116E00CFC75D /* Sources */ = {
			isa = PBXSourcesBuildPhase;
			buildActionMask = 2147483647;
			files = (
				854361641D96116E00CFC75D /* ViewController.swift in Sources */,
				854361621D96116E00CFC75D /* AppDelegate.swift in Sources */,
			);
			runOnlyForDeploymentPostprocessing = 0;
		};
		8543616E1D96116E00CFC75D /* Sources */ = {
			isa = PBXSourcesBuildPhase;
			buildActionMask = 2147483647;
			files = (
				854361771D96116E00CFC75D /* TipCalculatorTests.swift in Sources */,
			);
			runOnlyForDeploymentPostprocessing = 0;
		};
		854361791D96116E00CFC75D /* Sources */ = {
			isa = PBXSourcesBuildPhase;
			buildActionMask = 2147483647;
			files = (
				854361821D96116E00CFC75D /* TipCalculatorUITests.swift in Sources */,
			);
			runOnlyForDeploymentPostprocessing = 0;
		};
/* End PBXSourcesBuildPhase section */

/* Begin PBXTargetDependency section */
		854361741D96116E00CFC75D /* PBXTargetDependency */ = {
			isa = PBXTargetDependency;
			target = 8543615D1D96116E00CFC75D /* TipCalculator */;
			targetProxy = 854361731D96116E00CFC75D /* PBXContainerItemProxy */;
		};
		8543617F1D96116E00CFC75D /* PBXTargetDependency */ = {
			isa = PBXTargetDependency;
			target = 8543615D1D96116E00CFC75D /* TipCalculator */;
			targetProxy = 8543617E1D96116E00CFC75D /* PBXContainerItemProxy */;
		};
/* End PBXTargetDependency section */

/* Begin PBXVariantGroup section */
		854361651D96116E00CFC75D /* Main.storyboard */ = {
			isa = PBXVariantGroup;
			children = (
				854361661D96116E00CFC75D /* Base */,
			);
			name = Main.storyboard;
			sourceTree = "<group>";
		};
		8543616A1D96116E00CFC75D /* LaunchScreen.storyboard */ = {
			isa = PBXVariantGroup;
			children = (
				8543616B1D96116E00CFC75D /* Base */,
			);
			name = LaunchScreen.storyboard;
			sourceTree = "<group>";
		};
/* End PBXVariantGroup section */

/* Begin XCBuildConfiguration section */
		854361841D96116E00CFC75D /* Debug */ = {
			isa = XCBuildConfiguration;
			buildSettings = {
				ALWAYS_SEARCH_USER_PATHS = NO;
				CLANG_ANALYZER_NONNULL = YES;
				CLANG_CXX_LANGUAGE_STANDARD = "gnu++0x";
				CLANG_CXX_LIBRARY = "libc++";
				CLANG_ENABLE_MODULES = YES;
				CLANG_ENABLE_OBJC_ARC = YES;
				CLANG_WARN_BOOL_CONVERSION = YES;
				CLANG_WARN_CONSTANT_CONVERSION = YES;
				CLANG_WARN_DIRECT_OBJC_ISA_USAGE = YES_ERROR;
				CLANG_WARN_DOCUMENTATION_COMMENTS = YES;
				CLANG_WARN_EMPTY_BODY = YES;
				CLANG_WARN_ENUM_CONVERSION = YES;
				CLANG_WARN_INFINITE_RECURSION = YES;
				CLANG_WARN_INT_CONVERSION = YES;
				CLANG_WARN_OBJC_ROOT_CLASS = YES_ERROR;
				CLANG_WARN_SUSPICIOUS_MOVES = YES;
				CLANG_WARN_UNREACHABLE_CODE = YES;
				CLANG_WARN__DUPLICATE_METHOD_MATCH = YES;
				"CODE_SIGN_IDENTITY[sdk=iphoneos*]" = "iPhone Developer";
				COPY_PHASE_STRIP = NO;
				DEBUG_INFORMATION_FORMAT = dwarf;
				ENABLE_STRICT_OBJC_MSGSEND = YES;
				ENABLE_TESTABILITY = YES;
				GCC_C_LANGUAGE_STANDARD = gnu99;
				GCC_DYNAMIC_NO_PIC = NO;
				GCC_NO_COMMON_BLOCKS = YES;
				GCC_OPTIMIZATION_LEVEL = 0;
				GCC_PREPROCESSOR_DEFINITIONS = (
					"DEBUG=1",
					"$(inherited)",
				);
				GCC_WARN_64_TO_32_BIT_CONVERSION = YES;
				GCC_WARN_ABOUT_RETURN_TYPE = YES_ERROR;
				GCC_WARN_UNDECLARED_SELECTOR = YES;
				GCC_WARN_UNINITIALIZED_AUTOS = YES_AGGRESSIVE;
				GCC_WARN_UNUSED_FUNCTION = YES;
				GCC_WARN_UNUSED_VARIABLE = YES;
				IPHONEOS_DEPLOYMENT_TARGET = 10.0;
				MTL_ENABLE_DEBUG_INFO = YES;
				ONLY_ACTIVE_ARCH = YES;
				SDKROOT = iphoneos;
				SWIFT_ACTIVE_COMPILATION_CONDITIONS = DEBUG;
				SWIFT_OPTIMIZATION_LEVEL = "-Onone";
			};
			name = Debug;
		};
		854361851D96116E00CFC75D /* Release */ = {
			isa = XCBuildConfiguration;
			buildSettings = {
				ALWAYS_SEARCH_USER_PATHS = NO;
				CLANG_ANALYZER_NONNULL = YES;
				CLANG_CXX_LANGUAGE_STANDARD = "gnu++0x";
				CLANG_CXX_LIBRARY = "libc++";
				CLANG_ENABLE_MODULES = YES;
				CLANG_ENABLE_OBJC_ARC = YES;
				CLANG_WARN_BOOL_CONVERSION = YES;
				CLANG_WARN_CONSTANT_CONVERSION = YES;
				CLANG_WARN_DIRECT_OBJC_ISA_USAGE = YES_ERROR;
				CLANG_WARN_DOCUMENTATION_COMMENTS = YES;
				CLANG_WARN_EMPTY_BODY = YES;
				CLANG_WARN_ENUM_CONVERSION = YES;
				CLANG_WARN_INFINITE_RECURSION = YES;
				CLANG_WARN_INT_CONVERSION = YES;
				CLANG_WARN_OBJC_ROOT_CLASS = YES_ERROR;
				CLANG_WARN_SUSPICIOUS_MOVES = YES;
				CLANG_WARN_UNREACHABLE_CODE = YES;
				CLANG_WARN__DUPLICATE_METHOD_MATCH = YES;
				"CODE_SIGN_IDENTITY[sdk=iphoneos*]" = "iPhone Developer";
				COPY_PHASE_STRIP = NO;
				DEBUG_INFORMATION_FORMAT = "dwarf-with-dsym";
				ENABLE_NS_ASSERTIONS = NO;
				ENABLE_STRICT_OBJC_MSGSEND = YES;
				GCC_C_LANGUAGE_STANDARD = gnu99;
				GCC_NO_COMMON_BLOCKS = YES;
				GCC_WARN_64_TO_32_BIT_CONVERSION = YES;
				GCC_WARN_ABOUT_RETURN_TYPE = YES_ERROR;
				GCC_WARN_UNDECLARED_SELECTOR = YES;
				GCC_WARN_UNINITIALIZED_AUTOS = YES_AGGRESSIVE;
				GCC_WARN_UNUSED_FUNCTION = YES;
				GCC_WARN_UNUSED_VARIABLE = YES;
				IPHONEOS_DEPLOYMENT_TARGET = 10.0;
				MTL_ENABLE_DEBUG_INFO = NO;
				SDKROOT = iphoneos;
				SWIFT_OPTIMIZATION_LEVEL = "-Owholemodule";
				VALIDATE_PRODUCT = YES;
			};
			name = Release;
		};
		854361871D96116E00CFC75D /* Debug */ = {
			isa = XCBuildConfiguration;
			buildSettings = {
				ASSETCATALOG_COMPILER_APPICON_NAME = AppIcon;
				INFOPLIST_FILE = TipCalculator/Info.plist;
				LD_RUNPATH_SEARCH_PATHS = "$(inherited) @executable_path/Frameworks";
				PRODUCT_BUNDLE_IDENTIFIER = org.emerson.TipCalculator;
				PRODUCT_NAME = "$(TARGET_NAME)";
				SWIFT_VERSION = 3.0;
			};
			name = Debug;
		};
		854361881D96116E00CFC75D /* Release */ = {
			isa = XCBuildConfiguration;
			buildSettings = {
				ASSETCATALOG_COMPILER_APPICON_NAME = AppIcon;
				INFOPLIST_FILE = TipCalculator/Info.plist;
				LD_RUNPATH_SEARCH_PATHS = "$(inherited) @executable_path/Frameworks";
				PRODUCT_BUNDLE_IDENTIFIER = org.emerson.TipCalculator;
				PRODUCT_NAME = "$(TARGET_NAME)";
				SWIFT_VERSION = 3.0;
			};
			name = Release;
		};
		8543618A1D96116E00CFC75D /* Debug */ = {
			isa = XCBuildConfiguration;
			buildSettings = {
				ALWAYS_EMBED_SWIFT_STANDARD_LIBRARIES = YES;
				BUNDLE_LOADER = "$(TEST_HOST)";
				INFOPLIST_FILE = TipCalculatorTests/Info.plist;
				LD_RUNPATH_SEARCH_PATHS = "$(inherited) @executable_path/Frameworks @loader_path/Frameworks";
				PRODUCT_BUNDLE_IDENTIFIER = org.emerson.TipCalculatorTests;
				PRODUCT_NAME = "$(TARGET_NAME)";
				SWIFT_VERSION = 3.0;
				TEST_HOST = "$(BUILT_PRODUCTS_DIR)/TipCalculator.app/TipCalculator";
			};
			name = Debug;
		};
		8543618B1D96116E00CFC75D /* Release */ = {
			isa = XCBuildConfiguration;
			buildSettings = {
				ALWAYS_EMBED_SWIFT_STANDARD_LIBRARIES = YES;
				BUNDLE_LOADER = "$(TEST_HOST)";
				INFOPLIST_FILE = TipCalculatorTests/Info.plist;
				LD_RUNPATH_SEARCH_PATHS = "$(inherited) @executable_path/Frameworks @loader_path/Frameworks";
				PRODUCT_BUNDLE_IDENTIFIER = org.emerson.TipCalculatorTests;
				PRODUCT_NAME = "$(TARGET_NAME)";
				SWIFT_VERSION = 3.0;
				TEST_HOST = "$(BUILT_PRODUCTS_DIR)/TipCalculator.app/TipCalculator";
			};
			name = Release;
		};
		8543618D1D96116E00CFC75D /* Debug */ = {
			isa = XCBuildConfiguration;
			buildSettings = {
				ALWAYS_EMBED_SWIFT_STANDARD_LIBRARIES = YES;
				INFOPLIST_FILE = TipCalculatorUITests/Info.plist;
				LD_RUNPATH_SEARCH_PATHS = "$(inherited) @executable_path/Frameworks @loader_path/Frameworks";
				PRODUCT_BUNDLE_IDENTIFIER = org.emerson.TipCalculatorUITests;
				PRODUCT_NAME = "$(TARGET_NAME)";
				SWIFT_VERSION = 3.0;
				TEST_TARGET_NAME = TipCalculator;
			};
			name = Debug;
		};
		8543618E1D96116E00CFC75D /* Release */ = {
			isa = XCBuildConfiguration;
			buildSettings = {
				ALWAYS_EMBED_SWIFT_STANDARD_LIBRARIES = YES;
				INFOPLIST_FILE = TipCalculatorUITests/Info.plist;
				LD_RUNPATH_SEARCH_PATHS = "$(inherited) @executable_path/Frameworks @loader_path/Frameworks";
				PRODUCT_BUNDLE_IDENTIFIER = org.emerson.TipCalculatorUITests;
				PRODUCT_NAME = "$(TARGET_NAME)";
				SWIFT_VERSION = 3.0;
				TEST_TARGET_NAME = TipCalculator;
			};
			name = Release;
		};
/* End XCBuildConfiguration section */

/* Begin XCConfigurationList section */
		854361591D96116E00CFC75D /* Build configuration list for PBXProject "TipCalculator" */ = {
			isa = XCConfigurationList;
			buildConfigurations = (
				854361841D96116E00CFC75D /* Debug */,
				854361851D96116E00CFC75D /* Release */,
			);
			defaultConfigurationIsVisible = 0;
			defaultConfigurationName = Release;
		};
		854361861D96116E00CFC75D /* Build configuration list for PBXNativeTarget "TipCalculator" */ = {
			isa = XCConfigurationList;
			buildConfigurations = (
				854361871D96116E00CFC75D /* Debug */,
				854361881D96116E00CFC75D /* Release */,
			);
			defaultConfigurationIsVisible = 0;
		};
		854361891D96116E00CFC75D /* Build configuration list for PBXNativeTarget "TipCalculatorTests" */ = {
			isa = XCConfigurationList;
			buildConfigurations = (
				8543618A1D96116E00CFC75D /* Debug */,
				8543618B1D96116E00CFC75D /* Release */,
			);
			defaultConfigurationIsVisible = 0;
		};
		8543618C1D96116E00CFC75D /* Build configuration list for PBXNativeTarget "TipCalculatorUITests" */ = {
			isa = XCConfigurationList;
			buildConfigurations = (
				8543618D1D96116E00CFC75D /* Debug */,
				8543618E1D96116E00CFC75D /* Release */,
			);
			defaultConfigurationIsVisible = 0;
		};
/* End XCConfigurationList section */
	};
	rootObject = 854361561D96116E00CFC75D /* Project object */;
}
